<?xml version="1.0" encoding="utf-8"?>
<Project ToolsVersion="4.0" xmlns="http://schemas.microsoft.com/developer/msbuild/2003">
  <ItemGroup>
    <ClCompile Include="main.cpp" />
    <ClCompile Include="test_bitstream.cpp" />
    <ClCompile Include="H265_stream.cpp" />
  </ItemGroup>
  <ItemGroup>
    <ClInclude Include="common.hpp" />
    <ClInclude Include="bit_stream.hpp" />
    <ClInclude Include="BitStream.hpp" />
    <ClInclude Include="H265_stream.hpp" />
    <ClInclude Include="xtable.hpp" />
  </ItemGroup>
</Project>